
Microsoft Visual Studio Solution File, Format Version 12.00
# Visual Studio 15
VisualStudioVersion = 15.0.27004.2009
MinimumVisualStudioVersion = 10.0.40219.1
Project("{FAE04EC0-301F-11D3-BF4B-00C04F79EFBC}") = "VideotheekApp", "VideotheekApp\VideotheekApp.csproj", "{2518E477-DF2C-47F8-8679-B392A73D988F}"
EndProject
Project("{FAE04EC0-301F-11D3-BF4B-00C04F79EFBC}") = "VideotheekApp.LIB", "VideotheekApp.LIB\VideotheekApp.LIB.csproj", "{991134BE-95D0-42A4-9153-FF6B79185935}"
EndProject
Global
	GlobalSection(SolutionConfigurationPlatforms) = preSolution
		Debug|Any CPU = Debug|Any CPU
		Release|Any CPU = Release|Any CPU
	EndGlobalSection
	GlobalSection(ProjectConfigurationPlatforms) = postSolution
		{2518E477-DF2C-47F8-8679-B392A73D988F}.Debug|Any CPU.ActiveCfg = Debug|Any CPU
		{2518E477-DF2C-47F8-8679-B392A73D988F}.Debug|Any CPU.Build.0 = Debug|Any CPU
		{2518E477-DF2C-47F8-8679-B392A73D988F}.Release|Any CPU.ActiveCfg = Release|Any CPU
		{2518E477-DF2C-47F8-8679-B392A73D988F}.Release|Any CPU.Build.0 = Release|Any CPU
		{991134BE-95D0-42A4-9153-FF6B79185935}.Debug|Any CPU.ActiveCfg = Debug|Any CPU
		{991134BE-95D0-42A4-9153-FF6B79185935}.Debug|Any CPU.Build.0 = Debug|Any CPU
		{991134BE-95D0-42A4-9153-FF6B79185935}.Release|Any CPU.ActiveCfg = Release|Any CPU
		{991134BE-95D0-42A4-9153-FF6B79185935}.Release|Any CPU.Build.0 = Release|Any CPU
	EndGlobalSection
	GlobalSection(SolutionProperties) = preSolution
		HideSolutionNode = FALSE
	EndGlobalSection
	GlobalSection(ExtensibilityGlobals) = postSolution
		SolutionGuid = {967F4BCB-14CE-4447-A68F-A3D729A4C31D}
	EndGlobalSection
EndGlobal
